PODS:
  - SplitKit (1.0.2)
  - VersaPlayer (3.0.2)

DEPENDENCIES:
  - SplitKit
  - VersaPlayer

SPEC REPOS:
  trunk:
    - SplitKit
    - VersaPlayer

SPEC CHECKSUMS:
  SplitKit: a7de0577a6528152cd41bc0667ccc78a33abe6e8
  VersaPlayer: 0e9a0ea7da786729ffb377dbd17b34641a8265e4

PODFILE CHECKSUM: bd1f7a1c41efbcb2122c4a855a1d7985d21b3ebf

COCOAPODS: 1.9.0
